
Microsoft Visual Studio Solution File, Format Version 12.00
# Visual Studio Version 17
VisualStudioVersion = 17.0.31903.59
MinimumVisualStudioVersion = 10.0.40219.1
Project("{FAE04EC0-301F-11D3-BF4B-00C04F79EFBC}") = "Fina.Api", "Fina.Api\Fina.Api.csproj", "{76F307FA-499F-4F0C-B487-11583180433D}"
EndProject
Project("{FAE04EC0-301F-11D3-BF4B-00C04F79EFBC}") = "Fina.Core", "Fina.Core\Fina.Core.csproj", "{59DFC9AB-E888-4CDB-8D14-B8680C7E7108}"
EndProject
Project("{FAE04EC0-301F-11D3-BF4B-00C04F79EFBC}") = "Fina.Web", "Fina.Web\Fina.Web.csproj", "{FC50625F-5DAB-45F5-83DA-CEDD17281B8B}"
EndProject
Global
	GlobalSection(SolutionConfigurationPlatforms) = preSolution
		Debug|Any CPU = Debug|Any CPU
		Release|Any CPU = Release|Any CPU
	EndGlobalSection
	GlobalSection(SolutionProperties) = preSolution
		HideSolutionNode = FALSE
	EndGlobalSection
	GlobalSection(ProjectConfigurationPlatforms) = postSolution
		{76F307FA-499F-4F0C-B487-11583180433D}.Debug|Any CPU.ActiveCfg = Debug|Any CPU
		{76F307FA-499F-4F0C-B487-11583180433D}.Debug|Any CPU.Build.0 = Debug|Any CPU
		{76F307FA-499F-4F0C-B487-11583180433D}.Release|Any CPU.ActiveCfg = Release|Any CPU
		{76F307FA-499F-4F0C-B487-11583180433D}.Release|Any CPU.Build.0 = Release|Any CPU
		{59DFC9AB-E888-4CDB-8D14-B8680C7E7108}.Debug|Any CPU.ActiveCfg = Debug|Any CPU
		{59DFC9AB-E888-4CDB-8D14-B8680C7E7108}.Debug|Any CPU.Build.0 = Debug|Any CPU
		{59DFC9AB-E888-4CDB-8D14-B8680C7E7108}.Release|Any CPU.ActiveCfg = Release|Any CPU
		{59DFC9AB-E888-4CDB-8D14-B8680C7E7108}.Release|Any CPU.Build.0 = Release|Any CPU
		{FC50625F-5DAB-45F5-83DA-CEDD17281B8B}.Debug|Any CPU.ActiveCfg = Debug|Any CPU
		{FC50625F-5DAB-45F5-83DA-CEDD17281B8B}.Debug|Any CPU.Build.0 = Debug|Any CPU
		{FC50625F-5DAB-45F5-83DA-CEDD17281B8B}.Release|Any CPU.ActiveCfg = Release|Any CPU
		{FC50625F-5DAB-45F5-83DA-CEDD17281B8B}.Release|Any CPU.Build.0 = Release|Any CPU
	EndGlobalSection
EndGlobal
